// !$*UTF8*$!
{
	archiveVersion = 1;
	classes = {
	};
	objectVersion = 46;
	objects = {

/* Begin PBXBuildFile section */
		278BA85E1C75E04B00F4492D /* main.m in Sources */ = {isa = PBXBuildFile; fileRef = 278BA85D1C75E04B00F4492D /* main.m */; };
		278BA8611C75E04B00F4492D /* AppDelegate.m in Sources */ = {isa = PBXBuildFile; fileRef = 278BA8601C75E04B00F4492D /* AppDelegate.m */; };
		278BA8641C75E04B00F4492D /* ViewController.m in Sources */ = {isa = PBXBuildFile; fileRef = 278BA8631C75E04B00F4492D /* ViewController.m */; };
		278BA8671C75E04B00F4492D /* Main.storyboard in Resources */ = {isa = PBXBuildFile; fileRef = 278BA8651C75E04B00F4492D /* Main.storyboard */; };
		278BA8691C75E04B00F4492D /* Assets.xcassets in Resources */ = {isa = PBXBuildFile; fileRef = 278BA8681C75E04B00F4492D /* Assets.xcassets */; };
		278BA86C1C75E04B00F4492D /* LaunchScreen.storyboard in Resources */ = {isa = PBXBuildFile; fileRef = 278BA86A1C75E04B00F4492D /* LaunchScreen.storyboard */; };
/* End PBXBuildFile section */

/* Begin PBXFileReference section */
		278BA8591C75E04B00F4492D /* GitHubTest.app */ = {isa = PBXFileReference; explicitFileType = wrapper.application; includeInIndex = 0; path = GitHubTest.app; sourceTree = BUILT_PRODUCTS_DIR; };
		278BA85D1C75E04B00F4492D /* main.m */ = {isa = PBXFileReference; lastKnownFileType = sourcecode.c.objc; path = main.m; sourceTree = "<group>"; };
		278BA85F1C75E04B00F4492D /* AppDelegate.h */ = {isa = PBXFileReference; lastKnownFileType = sourcecode.c.h; path = AppDelegate.h; sourceTree = "<group>"; };
		278BA8601C75E04B00F4492D /* AppDelegate.m */ = {isa = PBXFileReference; lastKnownFileType = sourcecode.c.objc; path = AppDelegate.m; sourceTree = "<group>"; };
		278BA8621C75E04B00F4492D /* ViewController.h */ = {isa = PBXFileReference; lastKnownFileType = sourcecode.c.h; path = ViewController.h; sourceTree = "<group>"; };
		278BA8631C75E04B00F4492D /* ViewController.m */ = {isa = PBXFileReference; lastKnownFileType = sourcecode.c.objc; path = ViewController.m; sourceTree = "<group>"; };
		278BA8661C75E04B00F4492D /* Base */ = {isa = PBXFileReference; lastKnownFileType = file.storyboard; name = Base; path = Base.lproj/Main.storyboard; sourceTree = "<group>"; };
		278BA8681C75E04B00F4492D /* Assets.xcassets */ = {isa = PBXFileReference; lastKnownFileType = folder.assetcatalog; path = Assets.xcassets; sourceTree = "<group>"; };
		278BA86B1C75E04B00F4492D /* Base */ = {isa = PBXFileReference; lastKnownFileType = file.storyboard; name = Base; path = Base.lproj/LaunchScreen.storyboard; sourceTree = "<group>"; };
		278BA86D1C75E04B00F4492D /* Info.plist */ = {isa = PBXFileReference; lastKnownFileType = text.plist.xml; path = Info.plist; sourceTree = "<group>"; };
/* End PBXFileReference section */

/* Begin PBXFrameworksBuildPhase section */
		278BA8561C75E04B00F4492D /* Frameworks */ = {
			isa = PBXFrameworksBuildPhase;
			buildActionMask = 2147483647;
			files = (
			);
			runOnlyForDeploymentPostprocessing = 0;
		};
/* End PBXFrameworksBuildPhase section */

/* Begin PBXGroup section */
		278BA8501C75E04A00F4492D = {
			isa = PBXGroup;
			children = (
				278BA85B1C75E04B00F4492D /* GitHubTest */,
				278BA85A1C75E04B00F4492D /* Products */,
			);
			sourceTree = "<group>";
		};
		278BA85A1C75E04B00F4492D /* Products */ = {
			isa = PBXGroup;
			children = (
				278BA8591C75E04B00F4492D /* GitHubTest.app */,
			);
			name = Products;
			sourceTree = "<group>";
		};
		278BA85B1C75E04B00F4492D /* GitHubTest */ = {
			isa = PBXGroup;
			children = (
				278BA85F1C75E04B00F4492D /* AppDelegate.h */,
				278BA8601C75E04B00F4492D /* AppDelegate.m */,
				278BA8621C75E04B00F4492D /* ViewController.h */,
				278BA8631C75E04B00F4492D /* ViewController.m */,
				278BA8651C75E04B00F4492D /* Main.storyboard */,
				278BA8681C75E04B00F4492D /* Assets.xcassets */,
				278BA86A1C75E04B00F4492D /* LaunchScreen.storyboard */,
				278BA86D1C75E04B00F4492D /* Info.plist */,
				278BA85C1C75E04B00F4492D /* Supporting Files */,
			);
			path = GitHubTest;
			sourceTree = "<group>";
		};
		278BA85C1C75E04B00F4492D /* Supporting Files */ = {
			isa = PBXGroup;
			children = (
				278BA85D1C75E04B00F4492D /* main.m */,
			);
			name = "Supporting Files";
			sourceTree = "<group>";
		};
/* End PBXGroup section */

/* Begin PBXNativeTarget section */
		278BA8581C75E04B00F4492D /* GitHubTest */ = {
			isa = PBXNativeTarget;
			buildConfigurationList = 278BA8701C75E04B00F4492D /* Build configuration list for PBXNativeTarget "GitHubTest" */;
			buildPhases = (
				278BA8551C75E04B00F4492D /* Sources */,
				278BA8561C75E04B00F4492D /* Frameworks */,
				278BA8571C75E04B00F4492D /* Resources */,
			);
			buildRules = (
			);
			dependencies = (
			);
			name = GitHubTest;
			productName = GitHubTest;
			productReference = 278BA8591C75E04B00F4492D /* GitHubTest.app */;
			productType = "com.apple.product-type.application";
		};
/* End PBXNativeTarget section */

/* Begin PBXProject section */
		278BA8511C75E04A00F4492D /* Project object */ = {
			isa = PBXProject;
			attributes = {
				LastUpgradeCheck = 0720;
				ORGANIZATIONNAME = bilibiliM;
				TargetAttributes = {
					278BA8581C75E04B00F4492D = {
						CreatedOnToolsVersion = 7.2.1;
						DevelopmentTeam = 8S48KS8JFD;
					};
				};
			};
			buildConfigurationList = 278BA8541C75E04A00F4492D /* Build configuration list for PBXProject "GitHubTest" */;
			compatibilityVersion = "Xcode 3.2";
			developmentRegion = English;
			hasScannedForEncodings = 0;
			knownRegions = (
				en,
				Base,
			);
			mainGroup = 278BA8501C75E04A00F4492D;
			productRefGroup = 278BA85A1C75E04B00F4492D /* Products */;
			projectDirPath = "";
			projectRoot = "";
			targets = (
				278BA8581C75E04B00F4492D /* GitHubTest */,
			);
		};
/* End PBXProject section */

/* Begin PBXResourcesBuildPhase section */
		278BA8571C75E04B00F4492D /* Resources */ = {
			isa = PBXResourcesBuildPhase;
			buildActionMask = 2147483647;
			files = (
				278BA86C1C75E04B00F4492D /* LaunchScreen.storyboard in Resources */,
				278BA8691C75E04B00F4492D /* Assets.xcassets in Resources */,
				278BA8671C75E04B00F4492D /* Main.storyboard in Resources */,
			);
			runOnlyForDeploymentPostprocessing = 0;
		};
/* End PBXResourcesBuildPhase section */

/* Begin PBXSourcesBuildPhase section */
		278BA8551C75E04B00F4492D /* Sources */ = {
			isa = PBXSourcesBuildPhase;
			buildActionMask = 2147483647;
			files = (
				278BA8641C75E04B00F4492D /* ViewController.m in Sources */,
				278BA8611C75E04B00F4492D /* AppDelegate.m in Sources */,
				278BA85E1C75E04B00F4492D /* main.m in Sources */,
			);
			runOnlyForDeploymentPostprocessing = 0;
		};
/* End PBXSourcesBuildPhase section */

/* Begin PBXVariantGroup section */
		278BA8651C75E04B00F4492D /* Main.storyboard */ = {
			isa = PBXVariantGroup;
			children = (
				278BA8661C75E04B00F4492D /* Base */,
			);
			name = Main.storyboard;
			sourceTree = "<group>";
		};
		278BA86A1C75E04B00F4492D /* LaunchScreen.storyboard */ = {
			isa = PBXVariantGroup;
			children = (
				278BA86B1C75E04B00F4492D /* Base */,
			);
			name = LaunchScreen.storyboard;
			sourceTree = "<group>";
		};
/* End PBXVariantGroup section */

/* Begin XCBuildConfiguration section */
		278BA86E1C75E04B00F4492D /* Debug */ = {
			isa = XCBuildConfiguration;
			buildSettings = {
				ALWAYS_SEARCH_USER_PATHS = NO;
				CLANG_CXX_LANGUAGE_STANDARD = "gnu++0x";
				CLANG_CXX_LIBRARY = "libc++";
				CLANG_ENABLE_MODULES = YES;
				CLANG_ENABLE_OBJC_ARC = YES;
				CLANG_WARN_BOOL_CONVERSION = YES;
				CLANG_WARN_CONSTANT_CONVERSION = YES;
				CLANG_WARN_DIRECT_OBJC_ISA_USAGE = YES_ERROR;
				CLANG_WARN_EMPTY_BODY = YES;
				CLANG_WARN_ENUM_CONVERSION = YES;
				CLANG_WARN_INT_CONVERSION = YES;
				CLANG_WARN_OBJC_ROOT_CLASS = YES_ERROR;
				CLANG_WARN_UNREACHABLE_CODE = YES;
				CLANG_WARN__DUPLICATE_METHOD_MATCH = YES;
				"CODE_SIGN_IDENTITY[sdk=iphoneos*]" = "iPhone Developer";
				COPY_PHASE_STRIP = NO;
				DEBUG_INFORMATION_FORMAT = dwarf;
				ENABLE_STRICT_OBJC_MSGSEND = YES;
				ENABLE_TESTABILITY = YES;
				GCC_C_LANGUAGE_STANDARD = gnu99;
				GCC_DYNAMIC_NO_PIC = NO;
				GCC_NO_COMMON_BLOCKS = YES;
				GCC_OPTIMIZATION_LEVEL = 0;
				GCC_PREPROCESSOR_DEFINITIONS = (
					"DEBUG=1",
					"$(inherited)",
				);
				GCC_WARN_64_TO_32_BIT_CONVERSION = YES;
				GCC_WARN_ABOUT_RETURN_TYPE = YES_ERROR;
				GCC_WARN_UNDECLARED_SELECTOR = YES;
				GCC_WARN_UNINITIALIZED_AUTOS = YES_AGGRESSIVE;
				GCC_WARN_UNUSED_FUNCTION = YES;
				GCC_WARN_UNUSED_VARIABLE = YES;
				IPHONEOS_DEPLOYMENT_TARGET = 9.2;
				MTL_ENABLE_DEBUG_INFO = YES;
				ONLY_ACTIVE_ARCH = YES;
				SDKROOT = iphoneos;
			};
			name = Debug;
		};
		278BA86F1C75E04B00F4492D /* Release */ = {
			isa = XCBuildConfiguration;
			buildSettings = {
				ALWAYS_SEARCH_USER_PATHS = NO;
				CLANG_CXX_LANGUAGE_STANDARD = "gnu++0x";
				CLANG_CXX_LIBRARY = "libc++";
				CLANG_ENABLE_MODULES = YES;
				CLANG_ENABLE_OBJC_ARC = YES;
				CLANG_WARN_BOOL_CONVERSION = YES;
				CLANG_WARN_CONSTANT_CONVERSION = YES;
				CLANG_WARN_DIRECT_OBJC_ISA_USAGE = YES_ERROR;
				CLANG_WARN_EMPTY_BODY = YES;
				CLANG_WARN_ENUM_CONVERSION = YES;
				CLANG_WARN_INT_CONVERSION = YES;
				CLANG_WARN_OBJC_ROOT_CLASS = YES_ERROR;
				CLANG_WARN_UNREACHABLE_CODE = YES;
				CLANG_WARN__DUPLICATE_METHOD_MATCH = YES;
				"CODE_SIGN_IDENTITY[sdk=iphoneos*]" = "iPhone Developer";
				COPY_PHASE_STRIP = NO;
				DEBUG_INFORMATION_FORMAT = "dwarf-with-dsym";
				ENABLE_NS_ASSERTIONS = NO;
				ENABLE_STRICT_OBJC_MSGSEND = YES;
				GCC_C_LANGUAGE_STANDARD = gnu99;
				GCC_NO_COMMON_BLOCKS = YES;
				GCC_WARN_64_TO_32_BIT_CONVERSION = YES;
				GCC_WARN_ABOUT_RETURN_TYPE = YES_ERROR;
				GCC_WARN_UNDECLARED_SELECTOR = YES;
				GCC_WARN_UNINITIALIZED_AUTOS = YES_AGGRESSIVE;
				GCC_WARN_UNUSED_FUNCTION = YES;
				GCC_WARN_UNUSED_VARIABLE = YES;
				IPHONEOS_DEPLOYMENT_TARGET = 9.2;
				MTL_ENABLE_DEBUG_INFO = NO;
				SDKROOT = iphoneos;
				VALIDATE_PRODUCT = YES;
			};
			name = Release;
		};
		278BA8711C75E04B00F4492D /* Debug */ = {
			isa = XCBuildConfiguration;
			buildSettings = {
				ASSETCATALOG_COMPILER_APPICON_NAME = AppIcon;
				INFOPLIST_FILE = GitHubTest/Info.plist;
				LD_RUNPATH_SEARCH_PATHS = "$(inherited) @executable_path/Frameworks";
				PRODUCT_BUNDLE_IDENTIFIER = cn.bilibiliM.GitHubTest;
				PRODUCT_NAME = "$(TARGET_NAME)";
			};
			name = Debug;
		};
		278BA8721C75E04B00F4492D /* Release */ = {
			isa = XCBuildConfiguration;
			buildSettings = {
				ASSETCATALOG_COMPILER_APPICON_NAME = AppIcon;
				INFOPLIST_FILE = GitHubTest/Info.plist;
				LD_RUNPATH_SEARCH_PATHS = "$(inherited) @executable_path/Frameworks";
				PRODUCT_BUNDLE_IDENTIFIER = cn.bilibiliM.GitHubTest;
				PRODUCT_NAME = "$(TARGET_NAME)";
			};
			name = Release;
		};
/* End XCBuildConfiguration section */

/* Begin XCConfigurationList section */
		278BA8541C75E04A00F4492D /* Build configuration list for PBXProject "GitHubTest" */ = {
			isa = XCConfigurationList;
			buildConfigurations = (
				278BA86E1C75E04B00F4492D /* Debug */,
				278BA86F1C75E04B00F4492D /* Release */,
			);
			defaultConfigurationIsVisible = 0;
			defaultConfigurationName = Release;
		};
		278BA8701C75E04B00F4492D /* Build configuration list for PBXNativeTarget "GitHubTest" */ = {
			isa = XCConfigurationList;
			buildConfigurations = (
				278BA8711C75E04B00F4492D /* Debug */,
				278BA8721C75E04B00F4492D /* Release */,
			);
			defaultConfigurationIsVisible = 0;
		};
/* End XCConfigurationList section */
	};
	rootObject = 278BA8511C75E04A00F4492D /* Project object */;
}
